
Microsoft Visual Studio Solution File, Format Version 12.00
# Visual Studio Version 17
VisualStudioVersion = 17.9.34616.47
MinimumVisualStudioVersion = 10.0.40219.1
Project("{FAE04EC0-301F-11D3-BF4B-00C04F79EFBC}") = "GoogleAuth-Ausner-Tarea1", "GoogleAuth-Ausner-Tarea1.csproj", "{FD56DAB8-E21B-451B-A62E-DFA7DC8F9197}"
EndProject
Global
	GlobalSection(SolutionConfigurationPlatforms) = preSolution
		Debug|Any CPU = Debug|Any CPU
		Release|Any CPU = Release|Any CPU
	EndGlobalSection
	GlobalSection(ProjectConfigurationPlatforms) = postSolution
		{FD56DAB8-E21B-451B-A62E-DFA7DC8F9197}.Debug|Any CPU.ActiveCfg = Debug|Any CPU
		{FD56DAB8-E21B-451B-A62E-DFA7DC8F9197}.Debug|Any CPU.Build.0 = Debug|Any CPU
		{FD56DAB8-E21B-451B-A62E-DFA7DC8F9197}.Release|Any CPU.ActiveCfg = Release|Any CPU
		{FD56DAB8-E21B-451B-A62E-DFA7DC8F9197}.Release|Any CPU.Build.0 = Release|Any CPU
	EndGlobalSection
	GlobalSection(SolutionProperties) = preSolution
		HideSolutionNode = FALSE
	EndGlobalSection
	GlobalSection(ExtensibilityGlobals) = postSolution
		SolutionGuid = {FE0FE8E8-A5BB-4A77-B61E-BD478C72E0EB}
	EndGlobalSection
EndGlobal
